// !$*UTF8*$!
{
	archiveVersion = 1;
	classes = {
	};
	objectVersion = 77;
	objects = {

/* Begin PBXBuildFile section */
		4251D87E2E69CF4D00A21728 /* ImageIOOptions.swift in Sources */ = {isa = PBXBuildFile; fileRef = 4251D87D2E69CF4D00A21728 /* ImageIOOptions.swift */; };
		4251D87F2E69CF4D00A21728 /* ImageIOOptions.swift in Sources */ = {isa = PBXBuildFile; fileRef = 4251D87D2E69CF4D00A21728 /* ImageIOOptions.swift */; };
		4251D8802E69CF4D00A21728 /* ImageIOOptions.swift in Sources */ = {isa = PBXBuildFile; fileRef = 4251D87D2E69CF4D00A21728 /* ImageIOOptions.swift */; };
		426EFEF12E2670FC00AD23E5 /* QuickLookThumbnailing.framework in Frameworks */ = {isa = PBXBuildFile; fileRef = 426EFEF02E2670FC00AD23E5 /* QuickLookThumbnailing.framework */; };
		426EFEF32E2670FC00AD23E5 /* Quartz.framework in Frameworks */ = {isa = PBXBuildFile; fileRef = 426EFEF22E2670FC00AD23E5 /* Quartz.framework */; };
		426EFEFB2E2670FC00AD23E5 /* coverZipExtension.appex in Embed Foundation Extensions */ = {isa = PBXBuildFile; fileRef = 426EFEEE2E2670FC00AD23E5 /* coverZipExtension.appex */; settings = {ATTRIBUTES = (RemoveHeadersOnCopy, ); }; };
		429EE9EF2EBC1D2D003D0E96 /* UserDefaultsHelper.swift in Sources */ = {isa = PBXBuildFile; fileRef = 429EE9ED2EBC1D2D003D0E96 /* UserDefaultsHelper.swift */; };
		429EE9F02EBC1D2D003D0E96 /* ImageUtilities.swift in Sources */ = {isa = PBXBuildFile; fileRef = 429EE9EB2EBC1D2D003D0E96 /* ImageUtilities.swift */; };
		429EE9F12EBC1D2D003D0E96 /* ViewModePreference.swift in Sources */ = {isa = PBXBuildFile; fileRef = 429EE9EE2EBC1D2D003D0E96 /* ViewModePreference.swift */; };
		429EE9F22EBC1D2D003D0E96 /* UnifiedAppSettings.swift in Sources */ = {isa = PBXBuildFile; fileRef = 429EE9EC2EBC1D2D003D0E96 /* UnifiedAppSettings.swift */; };
		429EE9F32EBC1D2D003D0E96 /* UserDefaultsHelper.swift in Sources */ = {isa = PBXBuildFile; fileRef = 429EE9ED2EBC1D2D003D0E96 /* UserDefaultsHelper.swift */; };
		429EE9F42EBC1D2D003D0E96 /* ImageUtilities.swift in Sources */ = {isa = PBXBuildFile; fileRef = 429EE9EB2EBC1D2D003D0E96 /* ImageUtilities.swift */; };
		429EE9F52EBC1D2D003D0E96 /* ViewModePreference.swift in Sources */ = {isa = PBXBuildFile; fileRef = 429EE9EE2EBC1D2D003D0E96 /* ViewModePreference.swift */; };
		429EE9F62EBC1D2D003D0E96 /* UnifiedAppSettings.swift in Sources */ = {isa = PBXBuildFile; fileRef = 429EE9EC2EBC1D2D003D0E96 /* UnifiedAppSettings.swift */; };
		429EE9F72EBC1D2D003D0E96 /* UserDefaultsHelper.swift in Sources */ = {isa = PBXBuildFile; fileRef = 429EE9ED2EBC1D2D003D0E96 /* UserDefaultsHelper.swift */; };
		429EE9F82EBC1D2D003D0E96 /* ImageUtilities.swift in Sources */ = {isa = PBXBuildFile; fileRef = 429EE9EB2EBC1D2D003D0E96 /* ImageUtilities.swift */; };
		429EE9F92EBC1D2D003D0E96 /* ViewModePreference.swift in Sources */ = {isa = PBXBuildFile; fileRef = 429EE9EE2EBC1D2D003D0E96 /* ViewModePreference.swift */; };
		429EE9FA2EBC1D2D003D0E96 /* UnifiedAppSettings.swift in Sources */ = {isa = PBXBuildFile; fileRef = 429EE9EC2EBC1D2D003D0E96 /* UnifiedAppSettings.swift */; };
		42BCD0BE2E5E18A5007F2065 /* SettingsKeys.swift in Sources */ = {isa = PBXBuildFile; fileRef = 42BCD0BB2E5E18A5007F2065 /* SettingsKeys.swift */; };
		42BCD0BF2E5E18A5007F2065 /* ImageFileFilter.swift in Sources */ = {isa = PBXBuildFile; fileRef = 42BCD0B92E5E18A5007F2065 /* ImageFileFilter.swift */; };
		42BCD0C02E5E18A5007F2065 /* NaturalSort.swift in Sources */ = {isa = PBXBuildFile; fileRef = 42BCD0BA2E5E18A5007F2065 /* NaturalSort.swift */; };
		42BCD0C12E5E18A5007F2065 /* ZipCore.swift in Sources */ = {isa = PBXBuildFile; fileRef = 42BCD0BC2E5E18A5007F2065 /* ZipCore.swift */; };
		42BCD0C22E5E18A5007F2065 /* SettingsKeys.swift in Sources */ = {isa = PBXBuildFile; fileRef = 42BCD0BB2E5E18A5007F2065 /* SettingsKeys.swift */; };
		42BCD0C32E5E18A5007F2065 /* ImageFileFilter.swift in Sources */ = {isa = PBXBuildFile; fileRef = 42BCD0B92E5E18A5007F2065 /* ImageFileFilter.swift */; };
		42BCD0C42E5E18A5007F2065 /* NaturalSort.swift in Sources */ = {isa = PBXBuildFile; fileRef = 42BCD0BA2E5E18A5007F2065 /* NaturalSort.swift */; };
		42BCD0C52E5E18A5007F2065 /* ZipCore.swift in Sources */ = {isa = PBXBuildFile; fileRef = 42BCD0BC2E5E18A5007F2065 /* ZipCore.swift */; };
		42BCD0C62E5E18A5007F2065 /* SettingsKeys.swift in Sources */ = {isa = PBXBuildFile; fileRef = 42BCD0BB2E5E18A5007F2065 /* SettingsKeys.swift */; };
		42BCD0C72E5E18A5007F2065 /* ImageFileFilter.swift in Sources */ = {isa = PBXBuildFile; fileRef = 42BCD0B92E5E18A5007F2065 /* ImageFileFilter.swift */; };
		42BCD0C82E5E18A5007F2065 /* NaturalSort.swift in Sources */ = {isa = PBXBuildFile; fileRef = 42BCD0BA2E5E18A5007F2065 /* NaturalSort.swift */; };
		42BCD0C92E5E18A5007F2065 /* ZipCore.swift in Sources */ = {isa = PBXBuildFile; fileRef = 42BCD0BC2E5E18A5007F2065 /* ZipCore.swift */; };
		42CD41A62E5AEA6400BA89CA /* Quartz.framework in Frameworks */ = {isa = PBXBuildFile; fileRef = 426EFEF22E2670FC00AD23E5 /* Quartz.framework */; };
		42CD41B32E5AEA6400BA89CA /* coverZipViewer.appex in Embed Foundation Extensions */ = {isa = PBXBuildFile; fileRef = 42CD41A52E5AEA6400BA89CA /* coverZipViewer.appex */; settings = {ATTRIBUTES = (RemoveHeadersOnCopy, ); }; };
/* End PBXBuildFile section */

/* Begin PBXContainerItemProxy section */
		426EFEF92E2670FC00AD23E5 /* PBXContainerItemProxy */ = {
			isa = PBXContainerItemProxy;
			containerPortal = 426EFEA22E26708A00AD23E5 /* Project object */;
			proxyType = 1;
			remoteGlobalIDString = 426EFEED2E2670FC00AD23E5;
			remoteInfo = coverZipExtension;
		};
		42CD41B12E5AEA6400BA89CA /* PBXContainerItemProxy */ = {
			isa = PBXContainerItemProxy;
			containerPortal = 426EFEA22E26708A00AD23E5 /* Project object */;
			proxyType = 1;
			remoteGlobalIDString = 42CD41A42E5AEA6400BA89CA;
			remoteInfo = coverZipViewer;
		};
/* End PBXContainerItemProxy section */

/* Begin PBXCopyFilesBuildPhase section */
		426EFEFC2E2670FC00AD23E5 /* Embed Foundation Extensions */ = {
			isa = PBXCopyFilesBuildPhase;
			buildActionMask = 2147483647;
			dstPath = "";
			dstSubfolderSpec = 13;
			files = (
				42CD41B32E5AEA6400BA89CA /* coverZipViewer.appex in Embed Foundation Extensions */,
				426EFEFB2E2670FC00AD23E5 /* coverZipExtension.appex in Embed Foundation Extensions */,
			);
			name = "Embed Foundation Extensions";
			runOnlyForDeploymentPostprocessing = 0;
		};
/* End PBXCopyFilesBuildPhase section */

/* Begin PBXFileReference section */
		4251D87D2E69CF4D00A21728 /* ImageIOOptions.swift */ = {isa = PBXFileReference; lastKnownFileType = sourcecode.swift; path = ImageIOOptions.swift; sourceTree = "<group>"; };
		426EFEAA2E26708A00AD23E5 /* CoverZip.app */ = {isa = PBXFileReference; explicitFileType = wrapper.application; includeInIndex = 0; path = CoverZip.app; sourceTree = BUILT_PRODUCTS_DIR; };
		426EFEEE2E2670FC00AD23E5 /* coverZipExtension.appex */ = {isa = PBXFileReference; explicitFileType = "wrapper.app-extension"; includeInIndex = 0; path = coverZipExtension.appex; sourceTree = BUILT_PRODUCTS_DIR; };
		426EFEF02E2670FC00AD23E5 /* QuickLookThumbnailing.framework */ = {isa = PBXFileReference; lastKnownFileType = wrapper.framework; name = QuickLookThumbnailing.framework; path = System/Library/Frameworks/QuickLookThumbnailing.framework; sourceTree = SDKROOT; };
		426EFEF22E2670FC00AD23E5 /* Quartz.framework */ = {isa = PBXFileReference; lastKnownFileType = wrapper.framework; name = Quartz.framework; path = System/Library/Frameworks/Quartz.framework; sourceTree = SDKROOT; };
		429EE9EB2EBC1D2D003D0E96 /* ImageUtilities.swift */ = {isa = PBXFileReference; lastKnownFileType = sourcecode.swift; path = ImageUtilities.swift; sourceTree = "<group>"; };
		429EE9EC2EBC1D2D003D0E96 /* UnifiedAppSettings.swift */ = {isa = PBXFileReference; lastKnownFileType = sourcecode.swift; path = UnifiedAppSettings.swift; sourceTree = "<group>"; };
		429EE9ED2EBC1D2D003D0E96 /* UserDefaultsHelper.swift */ = {isa = PBXFileReference; lastKnownFileType = sourcecode.swift; path = UserDefaultsHelper.swift; sourceTree = "<group>"; };
		429EE9EE2EBC1D2D003D0E96 /* ViewModePreference.swift */ = {isa = PBXFileReference; lastKnownFileType = sourcecode.swift; path = ViewModePreference.swift; sourceTree = "<group>"; };
		42BCD0B92E5E18A5007F2065 /* ImageFileFilter.swift */ = {isa = PBXFileReference; lastKnownFileType = sourcecode.swift; path = ImageFileFilter.swift; sourceTree = "<group>"; };
		42BCD0BA2E5E18A5007F2065 /* NaturalSort.swift */ = {isa = PBXFileReference; lastKnownFileType = sourcecode.swift; path = NaturalSort.swift; sourceTree = "<group>"; };
		42BCD0BB2E5E18A5007F2065 /* SettingsKeys.swift */ = {isa = PBXFileReference; lastKnownFileType = sourcecode.swift; path = SettingsKeys.swift; sourceTree = "<group>"; };
		42BCD0BC2E5E18A5007F2065 /* ZipCore.swift */ = {isa = PBXFileReference; lastKnownFileType = sourcecode.swift; path = ZipCore.swift; sourceTree = "<group>"; };
		42CD41A52E5AEA6400BA89CA /* coverZipViewer.appex */ = {isa = PBXFileReference; explicitFileType = "wrapper.app-extension"; includeInIndex = 0; path = coverZipViewer.appex; sourceTree = BUILT_PRODUCTS_DIR; };
/* End PBXFileReference section */

/* Begin PBXFileSystemSynchronizedBuildFileExceptionSet section */
		426EFECD2E26708B00AD23E5 /* Exceptions for "CoverZip" folder in "CoverZip" target */ = {
			isa = PBXFileSystemSynchronizedBuildFileExceptionSet;
			membershipExceptions = (
				Info.plist,
			);
			target = 426EFEA92E26708A00AD23E5 /* CoverZip */;
		};
		426EFF002E2670FC00AD23E5 /* Exceptions for "coverZipExtension" folder in "coverZipExtension" target */ = {
			isa = PBXFileSystemSynchronizedBuildFileExceptionSet;
			membershipExceptions = (
				Info.plist,
			);
			target = 426EFEED2E2670FC00AD23E5 /* coverZipExtension */;
		};
		42CD41B72E5AEA6400BA89CA /* Exceptions for "coverZipViewer" folder in "coverZipViewer" target */ = {
			isa = PBXFileSystemSynchronizedBuildFileExceptionSet;
			membershipExceptions = (
				Info.plist,
			);
			target = 42CD41A42E5AEA6400BA89CA /* coverZipViewer */;
		};
/* End PBXFileSystemSynchronizedBuildFileExceptionSet section */

/* Begin PBXFileSystemSynchronizedRootGroup section */
		426EFEAC2E26708A00AD23E5 /* CoverZip */ = {
			isa = PBXFileSystemSynchronizedRootGroup;
			exceptions = (
				426EFECD2E26708B00AD23E5 /* Exceptions for "CoverZip" folder in "CoverZip" target */,
			);
			path = CoverZip;
			sourceTree = "<group>";
		};
		426EFEF42E2670FC00AD23E5 /* coverZipExtension */ = {
			isa = PBXFileSystemSynchronizedRootGroup;
			exceptions = (
				426EFF002E2670FC00AD23E5 /* Exceptions for "coverZipExtension" folder in "coverZipExtension" target */,
			);
			path = coverZipExtension;
			sourceTree = "<group>";
		};
		42CD41A72E5AEA6400BA89CA /* coverZipViewer */ = {
			isa = PBXFileSystemSynchronizedRootGroup;
			exceptions = (
				42CD41B72E5AEA6400BA89CA /* Exceptions for "coverZipViewer" folder in "coverZipViewer" target */,
			);
			path = coverZipViewer;
			sourceTree = "<group>";
		};
/* End PBXFileSystemSynchronizedRootGroup section */

/* Begin PBXFrameworksBuildPhase section */
		426EFEA72E26708A00AD23E5 /* Frameworks */ = {
			isa = PBXFrameworksBuildPhase;
			buildActionMask = 2147483647;
			files = (
			);
			runOnlyForDeploymentPostprocessing = 0;
		};
		426EFEEB2E2670FC00AD23E5 /* Frameworks */ = {
			isa = PBXFrameworksBuildPhase;
			buildActionMask = 2147483647;
			files = (
				426EFEF12E2670FC00AD23E5 /* QuickLookThumbnailing.framework in Frameworks */,
				426EFEF32E2670FC00AD23E5 /* Quartz.framework in Frameworks */,
			);
			runOnlyForDeploymentPostprocessing = 0;
		};
		42CD41A22E5AEA6400BA89CA /* Frameworks */ = {
			isa = PBXFrameworksBuildPhase;
			buildActionMask = 2147483647;
			files = (
				42CD41A62E5AEA6400BA89CA /* Quartz.framework in Frameworks */,
			);
			runOnlyForDeploymentPostprocessing = 0;
		};
/* End PBXFrameworksBuildPhase section */

/* Begin PBXGroup section */
		426EFEA12E26708A00AD23E5 = {
			isa = PBXGroup;
			children = (
				42BCD0BD2E5E18A5007F2065 /* Shared */,
				426EFEAC2E26708A00AD23E5 /* CoverZip */,
				426EFEF42E2670FC00AD23E5 /* coverZipExtension */,
				42CD41A72E5AEA6400BA89CA /* coverZipViewer */,
				426EFEEF2E2670FC00AD23E5 /* Frameworks */,
				426EFEAB2E26708A00AD23E5 /* Products */,
			);
			sourceTree = "<group>";
		};
		426EFEAB2E26708A00AD23E5 /* Products */ = {
			isa = PBXGroup;
			children = (
				426EFEAA2E26708A00AD23E5 /* CoverZip.app */,
				426EFEEE2E2670FC00AD23E5 /* coverZipExtension.appex */,
				42CD41A52E5AEA6400BA89CA /* coverZipViewer.appex */,
			);
			name = Products;
			sourceTree = "<group>";
		};
		426EFEEF2E2670FC00AD23E5 /* Frameworks */ = {
			isa = PBXGroup;
			children = (
				426EFEF02E2670FC00AD23E5 /* QuickLookThumbnailing.framework */,
				426EFEF22E2670FC00AD23E5 /* Quartz.framework */,
			);
			name = Frameworks;
			sourceTree = "<group>";
		};
		42BCD0BD2E5E18A5007F2065 /* Shared */ = {
			isa = PBXGroup;
			children = (
				429EE9EB2EBC1D2D003D0E96 /* ImageUtilities.swift */,
				429EE9EC2EBC1D2D003D0E96 /* UnifiedAppSettings.swift */,
				429EE9ED2EBC1D2D003D0E96 /* UserDefaultsHelper.swift */,
				429EE9EE2EBC1D2D003D0E96 /* ViewModePreference.swift */,
				4251D87D2E69CF4D00A21728 /* ImageIOOptions.swift */,
				42BCD0B92E5E18A5007F2065 /* ImageFileFilter.swift */,
				42BCD0BA2E5E18A5007F2065 /* NaturalSort.swift */,
				42BCD0BB2E5E18A5007F2065 /* SettingsKeys.swift */,
				42BCD0BC2E5E18A5007F2065 /* ZipCore.swift */,
			);
			path = Shared;
			sourceTree = "<group>";
		};
/* End PBXGroup section */

/* Begin PBXNativeTarget section */
		426EFEA92E26708A00AD23E5 /* CoverZip */ = {
			isa = PBXNativeTarget;
			buildConfigurationList = 426EFECE2E26708B00AD23E5 /* Build configuration list for PBXNativeTarget "CoverZip" */;
			buildPhases = (
				426EFEA62E26708A00AD23E5 /* Sources */,
				426EFEA72E26708A00AD23E5 /* Frameworks */,
				426EFEA82E26708A00AD23E5 /* Resources */,
				426EFEFC2E2670FC00AD23E5 /* Embed Foundation Extensions */,
			);
			buildRules = (
			);
			dependencies = (
				426EFEFA2E2670FC00AD23E5 /* PBXTargetDependency */,
				42CD41B22E5AEA6400BA89CA /* PBXTargetDependency */,
			);
			fileSystemSynchronizedGroups = (
				426EFEAC2E26708A00AD23E5 /* CoverZip */,
			);
			name = CoverZip;
			packageProductDependencies = (
			);
			productName = CoverZip;
			productReference = 426EFEAA2E26708A00AD23E5 /* CoverZip.app */;
			productType = "com.apple.product-type.application";
		};
		426EFEED2E2670FC00AD23E5 /* coverZipExtension */ = {
			isa = PBXNativeTarget;
			buildConfigurationList = 426EFEFF2E2670FC00AD23E5 /* Build configuration list for PBXNativeTarget "coverZipExtension" */;
			buildPhases = (
				426EFEEA2E2670FC00AD23E5 /* Sources */,
				426EFEEB2E2670FC00AD23E5 /* Frameworks */,
				426EFEEC2E2670FC00AD23E5 /* Resources */,
			);
			buildRules = (
			);
			dependencies = (
			);
			fileSystemSynchronizedGroups = (
				426EFEF42E2670FC00AD23E5 /* coverZipExtension */,
			);
			name = coverZipExtension;
			packageProductDependencies = (
			);
			productName = coverZipExtension;
			productReference = 426EFEEE2E2670FC00AD23E5 /* coverZipExtension.appex */;
			productType = "com.apple.product-type.app-extension";
		};
		42CD41A42E5AEA6400BA89CA /* coverZipViewer */ = {
			isa = PBXNativeTarget;
			buildConfigurationList = 42CD41B42E5AEA6400BA89CA /* Build configuration list for PBXNativeTarget "coverZipViewer" */;
			buildPhases = (
				42CD41A12E5AEA6400BA89CA /* Sources */,
				42CD41A22E5AEA6400BA89CA /* Frameworks */,
				42CD41A32E5AEA6400BA89CA /* Resources */,
			);
			buildRules = (
			);
			dependencies = (
			);
			fileSystemSynchronizedGroups = (
				42CD41A72E5AEA6400BA89CA /* coverZipViewer */,
			);
			name = coverZipViewer;
			packageProductDependencies = (
			);
			productName = coverZipViewer;
			productReference = 42CD41A52E5AEA6400BA89CA /* coverZipViewer.appex */;
			productType = "com.apple.product-type.app-extension";
		};
/* End PBXNativeTarget section */

/* Begin PBXProject section */
		426EFEA22E26708A00AD23E5 /* Project object */ = {
			isa = PBXProject;
			attributes = {
				BuildIndependentTargetsInParallel = 1;
				LastSwiftUpdateCheck = 1640;
				LastUpgradeCheck = 2630;
				TargetAttributes = {
					426EFEA92E26708A00AD23E5 = {
						CreatedOnToolsVersion = 16.4;
					};
					426EFEED2E2670FC00AD23E5 = {
						CreatedOnToolsVersion = 16.4;
					};
					42CD41A42E5AEA6400BA89CA = {
						CreatedOnToolsVersion = 16.4;
					};
				};
			};
			buildConfigurationList = 426EFEA52E26708A00AD23E5 /* Build configuration list for PBXProject "CoverZip" */;
			developmentRegion = en;
			hasScannedForEncodings = 0;
			knownRegions = (
				en,
				Base,
			);
			mainGroup = 426EFEA12E26708A00AD23E5;
			minimizedProjectReferenceProxies = 1;
			preferredProjectObjectVersion = 77;
			productRefGroup = 426EFEAB2E26708A00AD23E5 /* Products */;
			projectDirPath = "";
			projectRoot = "";
			targets = (
				426EFEA92E26708A00AD23E5 /* CoverZip */,
				426EFEED2E2670FC00AD23E5 /* coverZipExtension */,
				42CD41A42E5AEA6400BA89CA /* coverZipViewer */,
			);
		};
/* End PBXProject section */

/* Begin PBXResourcesBuildPhase section */
		426EFEA82E26708A00AD23E5 /* Resources */ = {
			isa = PBXResourcesBuildPhase;
			buildActionMask = 2147483647;
			files = (
			);
			runOnlyForDeploymentPostprocessing = 0;
		};
		426EFEEC2E2670FC00AD23E5 /* Resources */ = {
			isa = PBXResourcesBuildPhase;
			buildActionMask = 2147483647;
			files = (
			);
			runOnlyForDeploymentPostprocessing = 0;
		};
		42CD41A32E5AEA6400BA89CA /* Resources */ = {
			isa = PBXResourcesBuildPhase;
			buildActionMask = 2147483647;
			files = (
			);
			runOnlyForDeploymentPostprocessing = 0;
		};
/* End PBXResourcesBuildPhase section */

/* Begin PBXSourcesBuildPhase section */
		426EFEA62E26708A00AD23E5 /* Sources */ = {
			isa = PBXSourcesBuildPhase;
			buildActionMask = 2147483647;
			files = (
				42BCD0BE2E5E18A5007F2065 /* SettingsKeys.swift in Sources */,
				42BCD0BF2E5E18A5007F2065 /* ImageFileFilter.swift in Sources */,
				4251D8802E69CF4D00A21728 /* ImageIOOptions.swift in Sources */,
				42BCD0C02E5E18A5007F2065 /* NaturalSort.swift in Sources */,
				42BCD0C12E5E18A5007F2065 /* ZipCore.swift in Sources */,
				429EE9F72EBC1D2D003D0E96 /* UserDefaultsHelper.swift in Sources */,
				429EE9F82EBC1D2D003D0E96 /* ImageUtilities.swift in Sources */,
				429EE9F92EBC1D2D003D0E96 /* ViewModePreference.swift in Sources */,
				429EE9FA2EBC1D2D003D0E96 /* UnifiedAppSettings.swift in Sources */,
			);
			runOnlyForDeploymentPostprocessing = 0;
		};
		426EFEEA2E2670FC00AD23E5 /* Sources */ = {
			isa = PBXSourcesBuildPhase;
			buildActionMask = 2147483647;
			files = (
				42BCD0C62E5E18A5007F2065 /* SettingsKeys.swift in Sources */,
				4251D87F2E69CF4D00A21728 /* ImageIOOptions.swift in Sources */,
				42BCD0C72E5E18A5007F2065 /* ImageFileFilter.swift in Sources */,
				429EE9F32EBC1D2D003D0E96 /* UserDefaultsHelper.swift in Sources */,
				429EE9F42EBC1D2D003D0E96 /* ImageUtilities.swift in Sources */,
				429EE9F52EBC1D2D003D0E96 /* ViewModePreference.swift in Sources */,
				429EE9F62EBC1D2D003D0E96 /* UnifiedAppSettings.swift in Sources */,
				42BCD0C82E5E18A5007F2065 /* NaturalSort.swift in Sources */,
				42BCD0C92E5E18A5007F2065 /* ZipCore.swift in Sources */,
			);
			runOnlyForDeploymentPostprocessing = 0;
		};
		42CD41A12E5AEA6400BA89CA /* Sources */ = {
			isa = PBXSourcesBuildPhase;
			buildActionMask = 2147483647;
			files = (
				4251D87E2E69CF4D00A21728 /* ImageIOOptions.swift in Sources */,
				42BCD0C22E5E18A5007F2065 /* SettingsKeys.swift in Sources */,
				42BCD0C32E5E18A5007F2065 /* ImageFileFilter.swift in Sources */,
				42BCD0C42E5E18A5007F2065 /* NaturalSort.swift in Sources */,
				42BCD0C52E5E18A5007F2065 /* ZipCore.swift in Sources */,
				429EE9EF2EBC1D2D003D0E96 /* UserDefaultsHelper.swift in Sources */,
				429EE9F02EBC1D2D003D0E96 /* ImageUtilities.swift in Sources */,
				429EE9F12EBC1D2D003D0E96 /* ViewModePreference.swift in Sources */,
				429EE9F22EBC1D2D003D0E96 /* UnifiedAppSettings.swift in Sources */,
			);
			runOnlyForDeploymentPostprocessing = 0;
		};
/* End PBXSourcesBuildPhase section */

/* Begin PBXTargetDependency section */
		426EFEFA2E2670FC00AD23E5 /* PBXTargetDependency */ = {
			isa = PBXTargetDependency;
			target = 426EFEED2E2670FC00AD23E5 /* coverZipExtension */;
			targetProxy = 426EFEF92E2670FC00AD23E5 /* PBXContainerItemProxy */;
		};
		42CD41B22E5AEA6400BA89CA /* PBXTargetDependency */ = {
			isa = PBXTargetDependency;
			target = 42CD41A42E5AEA6400BA89CA /* coverZipViewer */;
			targetProxy = 42CD41B12E5AEA6400BA89CA /* PBXContainerItemProxy */;
		};
/* End PBXTargetDependency section */

/* Begin XCBuildConfiguration section */
		426EFECF2E26708B00AD23E5 /* Debug */ = {
			isa = XCBuildConfiguration;
			buildSettings = {
				ASSETCATALOG_COMPILER_APPICON_NAME = AppIcon;
				ASSETCATALOG_COMPILER_GLOBAL_ACCENT_COLOR_NAME = AccentColor;
				ASSETCATALOG_COMPILER_INCLUDE_ALL_APPICON_ASSETS = NO;
				CODE_SIGN_ENTITLEMENTS = CoverZip/CoverZip.entitlements;
				CODE_SIGN_IDENTITY = "Apple Development";
				CODE_SIGN_STYLE = Automatic;
				COMBINE_HIDPI_IMAGES = YES;
				CURRENT_PROJECT_VERSION = 6;
				DEAD_CODE_STRIPPING = YES;
				DEVELOPMENT_TEAM = UAC4B833KN;
				ENABLE_APP_SANDBOX = YES;
				ENABLE_HARDENED_RUNTIME = YES;
				ENABLE_PREVIEWS = YES;
				ENABLE_USER_SELECTED_FILES = readwrite;
				GENERATE_INFOPLIST_FILE = YES;
				INFOPLIST_FILE = CoverZip/Info.plist;
				INFOPLIST_KEY_CFBundleDisplayName = CoverZip;
				INFOPLIST_KEY_LSApplicationCategoryType = "public.app-category.utilities";
				INFOPLIST_KEY_NSHumanReadableCopyright = "";
				LD_RUNPATH_SEARCH_PATHS = (
					"$(inherited)",
					"@executable_path/../Frameworks",
				);
				MACOSX_DEPLOYMENT_TARGET = 13.5;
				MARKETING_VERSION = 1.0;
				ONLY_ACTIVE_ARCH = NO;
				PRODUCT_BUNDLE_IDENTIFIER = com.dmng.CoverZip;
				PRODUCT_NAME = "$(TARGET_NAME)";
				PROVISIONING_PROFILE_SPECIFIER = "";
				REGISTER_APP_GROUPS = YES;
				SWIFT_EMIT_LOC_STRINGS = YES;
				SWIFT_VERSION = 5.0;
				VALID_ARCHS = "arm64 x86_64";
			};
			name = Debug;
		};
		426EFED02E26708B00AD23E5 /* Release */ = {
			isa = XCBuildConfiguration;
			buildSettings = {
				ASSETCATALOG_COMPILER_APPICON_NAME = AppIcon;
				ASSETCATALOG_COMPILER_GLOBAL_ACCENT_COLOR_NAME = AccentColor;
				ASSETCATALOG_COMPILER_INCLUDE_ALL_APPICON_ASSETS = NO;
				CODE_SIGN_ENTITLEMENTS = CoverZip/CoverZip.entitlements;
				CODE_SIGN_IDENTITY = "Apple Development";
				CODE_SIGN_STYLE = Automatic;
				COMBINE_HIDPI_IMAGES = YES;
				CURRENT_PROJECT_VERSION = 6;
				DEAD_CODE_STRIPPING = YES;
				DEVELOPMENT_TEAM = UAC4B833KN;
				ENABLE_APP_SANDBOX = YES;
				ENABLE_HARDENED_RUNTIME = YES;
				ENABLE_PREVIEWS = YES;
				ENABLE_USER_SELECTED_FILES = readwrite;
				GENERATE_INFOPLIST_FILE = YES;
				INFOPLIST_FILE = CoverZip/Info.plist;
				INFOPLIST_KEY_CFBundleDisplayName = CoverZip;
				INFOPLIST_KEY_LSApplicationCategoryType = "public.app-category.utilities";
				INFOPLIST_KEY_NSHumanReadableCopyright = "";
				LD_RUNPATH_SEARCH_PATHS = (
					"$(inherited)",
					"@executable_path/../Frameworks",
				);
				MACOSX_DEPLOYMENT_TARGET = 13.5;
				MARKETING_VERSION = 1.0;
				ONLY_ACTIVE_ARCH = NO;
				PRODUCT_BUNDLE_IDENTIFIER = com.dmng.CoverZip;
				PRODUCT_NAME = "$(TARGET_NAME)";
				PROVISIONING_PROFILE_SPECIFIER = "";
				REGISTER_APP_GROUPS = YES;
				SWIFT_EMIT_LOC_STRINGS = YES;
				SWIFT_VERSION = 5.0;
				VALID_ARCHS = "arm64 x86_64";
			};
			name = Release;
		};
		426EFED12E26708B00AD23E5 /* Debug */ = {
			isa = XCBuildConfiguration;
			buildSettings = {
				ALWAYS_SEARCH_USER_PATHS = NO;
				ASSETCATALOG_COMPILER_GENERATE_SWIFT_ASSET_SYMBOL_EXTENSIONS = YES;
				CLANG_ANALYZER_NONNULL = YES;
				CLANG_ANALYZER_NUMBER_OBJECT_CONVERSION = YES_AGGRESSIVE;
				CLANG_CXX_LANGUAGE_STANDARD = "gnu++20";
				CLANG_ENABLE_MODULES = YES;
				CLANG_ENABLE_OBJC_ARC = YES;
				CLANG_ENABLE_OBJC_WEAK = YES;
				CLANG_WARN_BLOCK_CAPTURE_AUTORELEASING = YES;
				CLANG_WARN_BOOL_CONVERSION = YES;
				CLANG_WARN_COMMA = YES;
				CLANG_WARN_CONSTANT_CONVERSION = YES;
				CLANG_WARN_DEPRECATED_OBJC_IMPLEMENTATIONS = YES;
				CLANG_WARN_DIRECT_OBJC_ISA_USAGE = YES_ERROR;
				CLANG_WARN_DOCUMENTATION_COMMENTS = YES;
				CLANG_WARN_EMPTY_BODY = YES;
				CLANG_WARN_ENUM_CONVERSION = YES;
				CLANG_WARN_INFINITE_RECURSION = YES;
				CLANG_WARN_INT_CONVERSION = YES;
				CLANG_WARN_NON_LITERAL_NULL_CONVERSION = YES;
				CLANG_WARN_OBJC_IMPLICIT_RETAIN_SELF = YES;
				CLANG_WARN_OBJC_LITERAL_CONVERSION = YES;
				CLANG_WARN_OBJC_ROOT_CLASS = YES_ERROR;
				CLANG_WARN_QUOTED_INCLUDE_IN_FRAMEWORK_HEADER = YES;
				CLANG_WARN_RANGE_LOOP_ANALYSIS = YES;
				CLANG_WARN_STRICT_PROTOTYPES = YES;
				CLANG_WARN_SUSPICIOUS_MOVE = YES;
				CLANG_WARN_UNGUARDED_AVAILABILITY = YES_AGGRESSIVE;
				CLANG_WARN_UNREACHABLE_CODE = YES;
				CLANG_WARN__DUPLICATE_METHOD_MATCH = YES;
				COPY_PHASE_STRIP = NO;
				DEAD_CODE_STRIPPING = YES;
				DEBUG_INFORMATION_FORMAT = dwarf;
				DEVELOPMENT_TEAM = UAC4B833KN;
				ENABLE_STRICT_OBJC_MSGSEND = YES;
				ENABLE_TESTABILITY = YES;
				ENABLE_USER_SCRIPT_SANDBOXING = YES;
				GCC_C_LANGUAGE_STANDARD = gnu17;
				GCC_DYNAMIC_NO_PIC = NO;
				GCC_NO_COMMON_BLOCKS = YES;
				GCC_OPTIMIZATION_LEVEL = 0;
				GCC_PREPROCESSOR_DEFINITIONS = (
					"DEBUG=1",
					"$(inherited)",
				);
				GCC_WARN_64_TO_32_BIT_CONVERSION = YES;
				GCC_WARN_ABOUT_RETURN_TYPE = YES_ERROR;
				GCC_WARN_UNDECLARED_SELECTOR = YES;
				GCC_WARN_UNINITIALIZED_AUTOS = YES_AGGRESSIVE;
				GCC_WARN_UNUSED_FUNCTION = YES;
				GCC_WARN_UNUSED_VARIABLE = YES;
				LOCALIZATION_PREFERS_STRING_CATALOGS = YES;
				MACOSX_DEPLOYMENT_TARGET = 11.0;
				MTL_ENABLE_DEBUG_INFO = INCLUDE_SOURCE;
				MTL_FAST_MATH = YES;
				ONLY_ACTIVE_ARCH = YES;
				SDKROOT = macosx;
				STRING_CATALOG_GENERATE_SYMBOLS = YES;
				SWIFT_ACTIVE_COMPILATION_CONDITIONS = "DEBUG $(inherited)";
				SWIFT_OPTIMIZATION_LEVEL = "-Onone";
			};
			name = Debug;
		};
		426EFED22E26708B00AD23E5 /* Release */ = {
			isa = XCBuildConfiguration;
			buildSettings = {
				ALWAYS_SEARCH_USER_PATHS = NO;
				ASSETCATALOG_COMPILER_GENERATE_SWIFT_ASSET_SYMBOL_EXTENSIONS = YES;
				CLANG_ANALYZER_NONNULL = YES;
				CLANG_ANALYZER_NUMBER_OBJECT_CONVERSION = YES_AGGRESSIVE;
				CLANG_CXX_LANGUAGE_STANDARD = "gnu++20";
				CLANG_ENABLE_MODULES = YES;
				CLANG_ENABLE_OBJC_ARC = YES;
				CLANG_ENABLE_OBJC_WEAK = YES;
				CLANG_WARN_BLOCK_CAPTURE_AUTORELEASING = YES;
				CLANG_WARN_BOOL_CONVERSION = YES;
				CLANG_WARN_COMMA = YES;
				CLANG_WARN_CONSTANT_CONVERSION = YES;
				CLANG_WARN_DEPRECATED_OBJC_IMPLEMENTATIONS = YES;
				CLANG_WARN_DIRECT_OBJC_ISA_USAGE = YES_ERROR;
				CLANG_WARN_DOCUMENTATION_COMMENTS = YES;
				CLANG_WARN_EMPTY_BODY = YES;
				CLANG_WARN_ENUM_CONVERSION = YES;
				CLANG_WARN_INFINITE_RECURSION = YES;
				CLANG_WARN_INT_CONVERSION = YES;
				CLANG_WARN_NON_LITERAL_NULL_CONVERSION = YES;
				CLANG_WARN_OBJC_IMPLICIT_RETAIN_SELF = YES;
				CLANG_WARN_OBJC_LITERAL_CONVERSION = YES;
				CLANG_WARN_OBJC_ROOT_CLASS = YES_ERROR;
				CLANG_WARN_QUOTED_INCLUDE_IN_FRAMEWORK_HEADER = YES;
				CLANG_WARN_RANGE_LOOP_ANALYSIS = YES;
				CLANG_WARN_STRICT_PROTOTYPES = YES;
				CLANG_WARN_SUSPICIOUS_MOVE = YES;
				CLANG_WARN_UNGUARDED_AVAILABILITY = YES_AGGRESSIVE;
				CLANG_WARN_UNREACHABLE_CODE = YES;
				CLANG_WARN__DUPLICATE_METHOD_MATCH = YES;
				COPY_PHASE_STRIP = NO;
				DEAD_CODE_STRIPPING = YES;
				DEBUG_INFORMATION_FORMAT = "dwarf-with-dsym";
				DEVELOPMENT_TEAM = UAC4B833KN;
				ENABLE_NS_ASSERTIONS = NO;
				ENABLE_STRICT_OBJC_MSGSEND = YES;
				ENABLE_USER_SCRIPT_SANDBOXING = YES;
				GCC_C_LANGUAGE_STANDARD = gnu17;
				GCC_NO_COMMON_BLOCKS = YES;
				GCC_WARN_64_TO_32_BIT_CONVERSION = YES;
				GCC_WARN_ABOUT_RETURN_TYPE = YES_ERROR;
				GCC_WARN_UNDECLARED_SELECTOR = YES;
				GCC_WARN_UNINITIALIZED_AUTOS = YES_AGGRESSIVE;
				GCC_WARN_UNUSED_FUNCTION = YES;
				GCC_WARN_UNUSED_VARIABLE = YES;
				LOCALIZATION_PREFERS_STRING_CATALOGS = YES;
				MACOSX_DEPLOYMENT_TARGET = 11.0;
				MTL_ENABLE_DEBUG_INFO = NO;
				MTL_FAST_MATH = YES;
				SDKROOT = macosx;
				STRING_CATALOG_GENERATE_SYMBOLS = YES;
				SWIFT_COMPILATION_MODE = wholemodule;
			};
			name = Release;
		};
		426EFEFD2E2670FC00AD23E5 /* Debug */ = {
			isa = XCBuildConfiguration;
			buildSettings = {
				CODE_SIGN_ENTITLEMENTS = coverZipExtension/coverZipExtension.entitlements;
				CODE_SIGN_IDENTITY = "Apple Development";
				CODE_SIGN_STYLE = Automatic;
				CURRENT_PROJECT_VERSION = 6;
				DEAD_CODE_STRIPPING = YES;
				DEVELOPMENT_TEAM = UAC4B833KN;
				ENABLE_APP_SANDBOX = YES;
				ENABLE_HARDENED_RUNTIME = YES;
				ENABLE_USER_SELECTED_FILES = readonly;
				GENERATE_INFOPLIST_FILE = YES;
				INFOPLIST_FILE = coverZipExtension/Info.plist;
				INFOPLIST_KEY_CFBundleDisplayName = coverZipExtension;
				INFOPLIST_KEY_NSHumanReadableCopyright = "";
				LD_RUNPATH_SEARCH_PATHS = (
					"$(inherited)",
					"@executable_path/../Frameworks",
					"@executable_path/../../../../Frameworks",
				);
				MACOSX_DEPLOYMENT_TARGET = 11.0;
				MARKETING_VERSION = 1.0;
				ONLY_ACTIVE_ARCH = NO;
				PRODUCT_BUNDLE_IDENTIFIER = com.dmng.CoverZip.coverZipExtension;
				PRODUCT_NAME = "$(TARGET_NAME)";
				PROVISIONING_PROFILE_SPECIFIER = "";
				REGISTER_APP_GROUPS = YES;
				SKIP_INSTALL = YES;
				SWIFT_EMIT_LOC_STRINGS = YES;
				SWIFT_VERSION = 5.0;
				VALID_ARCHS = "arm64 x86_64";
			};
			name = Debug;
		};
		426EFEFE2E2670FC00AD23E5 /* Release */ = {
			isa = XCBuildConfiguration;
			buildSettings = {
				CODE_SIGN_ENTITLEMENTS = coverZipExtension/coverZipExtension.entitlements;
				CODE_SIGN_IDENTITY = "Apple Development";
				CODE_SIGN_STYLE = Automatic;
				CURRENT_PROJECT_VERSION = 6;
				DEAD_CODE_STRIPPING = YES;
				DEVELOPMENT_TEAM = UAC4B833KN;
				ENABLE_APP_SANDBOX = YES;
				ENABLE_HARDENED_RUNTIME = YES;
				ENABLE_USER_SELECTED_FILES = readonly;
				GENERATE_INFOPLIST_FILE = YES;
				INFOPLIST_FILE = coverZipExtension/Info.plist;
				INFOPLIST_KEY_CFBundleDisplayName = coverZipExtension;
				INFOPLIST_KEY_NSHumanReadableCopyright = "";
				LD_RUNPATH_SEARCH_PATHS = (
					"$(inherited)",
					"@executable_path/../Frameworks",
					"@executable_path/../../../../Frameworks",
				);
				MACOSX_DEPLOYMENT_TARGET = 11.0;
				MARKETING_VERSION = 1.0;
				ONLY_ACTIVE_ARCH = NO;
				PRODUCT_BUNDLE_IDENTIFIER = com.dmng.CoverZip.coverZipExtension;
				PRODUCT_NAME = "$(TARGET_NAME)";
				PROVISIONING_PROFILE_SPECIFIER = "";
				REGISTER_APP_GROUPS = YES;
				SKIP_INSTALL = YES;
				SWIFT_EMIT_LOC_STRINGS = YES;
				SWIFT_VERSION = 5.0;
				VALID_ARCHS = "arm64 x86_64";
			};
			name = Release;
		};
		42CD41B52E5AEA6400BA89CA /* Debug */ = {
			isa = XCBuildConfiguration;
			buildSettings = {
				CODE_SIGN_ENTITLEMENTS = coverZipViewer/coverZipViewer.entitlements;
				CODE_SIGN_IDENTITY = "Apple Development";
				CODE_SIGN_STYLE = Automatic;
				CURRENT_PROJECT_VERSION = 6;
				DEAD_CODE_STRIPPING = YES;
				DEVELOPMENT_TEAM = UAC4B833KN;
				ENABLE_APP_SANDBOX = YES;
				ENABLE_HARDENED_RUNTIME = YES;
				ENABLE_USER_SELECTED_FILES = readonly;
				GENERATE_INFOPLIST_FILE = YES;
				INFOPLIST_FILE = coverZipViewer/Info.plist;
				INFOPLIST_KEY_CFBundleDisplayName = coverZipViewer;
				INFOPLIST_KEY_NSHumanReadableCopyright = "";
				LD_RUNPATH_SEARCH_PATHS = (
					"$(inherited)",
					"@executable_path/../Frameworks",
					"@executable_path/../../../../Frameworks",
				);
				MACOSX_DEPLOYMENT_TARGET = 15.5;
				MARKETING_VERSION = 1.0;
				PRODUCT_BUNDLE_IDENTIFIER = com.dmng.CoverZip.coverZipViewer;
				PRODUCT_NAME = "$(TARGET_NAME)";
				PROVISIONING_PROFILE_SPECIFIER = "";
				REGISTER_APP_GROUPS = YES;
				SKIP_INSTALL = YES;
				SWIFT_EMIT_LOC_STRINGS = YES;
				SWIFT_VERSION = 5.0;
			};
			name = Debug;
		};
		42CD41B62E5AEA6400BA89CA /* Release */ = {
			isa = XCBuildConfiguration;
			buildSettings = {
				CODE_SIGN_ENTITLEMENTS = coverZipViewer/coverZipViewer.entitlements;
				CODE_SIGN_IDENTITY = "Apple Development";
				CODE_SIGN_STYLE = Automatic;
				CURRENT_PROJECT_VERSION = 6;
				DEAD_CODE_STRIPPING = YES;
				DEVELOPMENT_TEAM = UAC4B833KN;
				ENABLE_APP_SANDBOX = YES;
				ENABLE_HARDENED_RUNTIME = YES;
				ENABLE_USER_SELECTED_FILES = readonly;
				GENERATE_INFOPLIST_FILE = YES;
				INFOPLIST_FILE = coverZipViewer/Info.plist;
				INFOPLIST_KEY_CFBundleDisplayName = coverZipViewer;
				INFOPLIST_KEY_NSHumanReadableCopyright = "";
				LD_RUNPATH_SEARCH_PATHS = (
					"$(inherited)",
					"@executable_path/../Frameworks",
					"@executable_path/../../../../Frameworks",
				);
				MACOSX_DEPLOYMENT_TARGET = 15.5;
				MARKETING_VERSION = 1.0;
				PRODUCT_BUNDLE_IDENTIFIER = com.dmng.CoverZip.coverZipViewer;
				PRODUCT_NAME = "$(TARGET_NAME)";
				PROVISIONING_PROFILE_SPECIFIER = "";
				REGISTER_APP_GROUPS = YES;
				SKIP_INSTALL = YES;
				SWIFT_EMIT_LOC_STRINGS = YES;
				SWIFT_VERSION = 5.0;
			};
			name = Release;
		};
/* End XCBuildConfiguration section */

/* Begin XCConfigurationList section */
		426EFEA52E26708A00AD23E5 /* Build configuration list for PBXProject "CoverZip" */ = {
			isa = XCConfigurationList;
			buildConfigurations = (
				426EFED12E26708B00AD23E5 /* Debug */,
				426EFED22E26708B00AD23E5 /* Release */,
			);
			defaultConfigurationIsVisible = 0;
			defaultConfigurationName = Release;
		};
		426EFECE2E26708B00AD23E5 /* Build configuration list for PBXNativeTarget "CoverZip" */ = {
			isa = XCConfigurationList;
			buildConfigurations = (
				426EFECF2E26708B00AD23E5 /* Debug */,
				426EFED02E26708B00AD23E5 /* Release */,
			);
			defaultConfigurationIsVisible = 0;
			defaultConfigurationName = Release;
		};
		426EFEFF2E2670FC00AD23E5 /* Build configuration list for PBXNativeTarget "coverZipExtension" */ = {
			isa = XCConfigurationList;
			buildConfigurations = (
				426EFEFD2E2670FC00AD23E5 /* Debug */,
				426EFEFE2E2670FC00AD23E5 /* Release */,
			);
			defaultConfigurationIsVisible = 0;
			defaultConfigurationName = Release;
		};
		42CD41B42E5AEA6400BA89CA /* Build configuration list for PBXNativeTarget "coverZipViewer" */ = {
			isa = XCConfigurationList;
			buildConfigurations = (
				42CD41B52E5AEA6400BA89CA /* Debug */,
				42CD41B62E5AEA6400BA89CA /* Release */,
			);
			defaultConfigurationIsVisible = 0;
			defaultConfigurationName = Release;
		};
/* End XCConfigurationList section */
	};
	rootObject = 426EFEA22E26708A00AD23E5 /* Project object */;
}
